
Microsoft Visual Studio Solution File, Format Version 12.00
# Visual Studio Version 16
VisualStudioVersion = 16.0.32002.261
MinimumVisualStudioVersion = 10.0.40219.1
Project("{FAE04EC0-301F-11D3-BF4B-00C04F79EFBC}") = "EmployeeObjectClass", "EmployeeObjectClass.csproj", "{B3D3B14C-4F65-450E-ABAA-DC1B4488CF54}"
EndProject
Global
	GlobalSection(SolutionConfigurationPlatforms) = preSolution
		Debug|Any CPU = Debug|Any CPU
		Release|Any CPU = Release|Any CPU
	EndGlobalSection
	GlobalSection(ProjectConfigurationPlatforms) = postSolution
		{B3D3B14C-4F65-450E-ABAA-DC1B4488CF54}.Debug|Any CPU.ActiveCfg = Debug|Any CPU
		{B3D3B14C-4F65-450E-ABAA-DC1B4488CF54}.Debug|Any CPU.Build.0 = Debug|Any CPU
		{B3D3B14C-4F65-450E-ABAA-DC1B4488CF54}.Release|Any CPU.ActiveCfg = Release|Any CPU
		{B3D3B14C-4F65-450E-ABAA-DC1B4488CF54}.Release|Any CPU.Build.0 = Release|Any CPU
	EndGlobalSection
	GlobalSection(SolutionProperties) = preSolution
		HideSolutionNode = FALSE
	EndGlobalSection
	GlobalSection(ExtensibilityGlobals) = postSolution
		SolutionGuid = {B4036D04-A0C4-49A2-B40A-39A41F02F2F0}
	EndGlobalSection
EndGlobal
